
Microsoft Visual Studio Solution File, Format Version 12.00
# Visual Studio Version 17
VisualStudioVersion = 17.0.31919.166
MinimumVisualStudioVersion = 10.0.40219.1
Project("{9A19103F-16F7-4668-BE54-9A1E7A4F7556}") = "ENIAC.Tuner.Core", "src\ENIAC.Tuner.Core\ENIAC.Tuner.Core.csproj", "{A1C3D5E7-F0A2-4B1C-98D1-F3E5A2C4D6E8}"
EndProject
Project("{9A19103F-16F7-4668-BE54-9A1E7A4F7556}") = "ENIAC.Tuner.Infrastructure", "src\ENIAC.Tuner.Infrastructure\ENIAC.Tuner.Infrastructure.csproj", "{B2D4E6F8-G1B3-5C2D-A9E2-G4F6B3D5E7F9}"
EndProject
Project("{9A19103F-16F7-4668-BE54-9A1E7A4F7556}") = "ENIAC.Tuner.App", "src\ENIAC.Tuner.App\ENIAC.Tuner.App.csproj", "{C3E5F7G9-H2C4-6D3E-B0F3-H5G7C4E6F8GA}"
EndProject
Project("{9A19103F-16F7-4668-BE54-9A1E7A4F7556}") = "ENIAC.Tuner.Cli", "src\ENIAC.Tuner.Cli\ENIAC.Tuner.Cli.csproj", "{D4F6G8HA-I3D5-7E4F-C1GA-I6H8D5F7G9HB}"
EndProject
Project("{9A19103F-16F7-4668-BE54-9A1E7A4F7556}") = "ENIAC.Tuner.Installer", "src\ENIAC.Tuner.Installer\ENIAC.Tuner.Installer.csproj", "{E5G7HAib-J4E6-8F5G-D2HB-J7I9E6G8HAIC}"
EndProject
Global
	GlobalSection(SolutionConfigurationPlatforms) = preSolution
		Debug|Any CPU = Debug|Any CPU
		Release|Any CPU = Release|Any CPU
	EndGlobalSection
	GlobalSection(ProjectConfigurationPlatforms) = postSolution
		{A1C3D5E7-F0A2-4B1C-98D1-F3E5A2C4D6E8}.Debug|Any CPU.ActiveCfg = Debug|Any CPU
		{A1C3D5E7-F0A2-4B1C-98D1-F3E5A2C4D6E8}.Debug|Any CPU.Build.0 = Debug|Any CPU
		{A1C3D5E7-F0A2-4B1C-98D1-F3E5A2C4D6E8}.Release|Any CPU.ActiveCfg = Release|Any CPU
		{A1C3D5E7-F0A2-4B1C-98D1-F3E5A2C4D6E8}.Release|Any CPU.Build.0 = Release|Any CPU
		{B2D4E6F8-G1B3-5C2D-A9E2-G4F6B3D5E7F9}.Debug|Any CPU.ActiveCfg = Debug|Any CPU
		{B2D4E6F8-G1B3-5C2D-A9E2-G4F6B3D5E7F9}.Debug|Any CPU.Build.0 = Debug|Any CPU
		{B2D4E6F8-G1B3-5C2D-A9E2-G4F6B3D5E7F9}.Release|Any CPU.ActiveCfg = Release|Any CPU
		{B2D4E6F8-G1B3-5C2D-A9E2-G4F6B3D5E7F9}.Release|Any CPU.Build.0 = Release|Any CPU
		{C3E5F7G9-H2C4-6D3E-B0F3-H5G7C4E6F8GA}.Debug|Any CPU.ActiveCfg = Debug|Any CPU
		{C3E5F7G9-H2C4-6D3E-B0F3-H5G7C4E6F8GA}.Debug|Any CPU.Build.0 = Debug|Any CPU
		{C3E5F7G9-H2C4-6D3E-B0F3-H5G7C4E6F8GA}.Release|Any CPU.ActiveCfg = Release|Any CPU
		{C3E5F7G9-H2C4-6D3E-B0F3-H5G7C4E6F8GA}.Release|Any CPU.Build.0 = Release|Any CPU
		{D4F6G8HA-I3D5-7E4F-C1GA-I6H8D5F7G9HB}.Debug|Any CPU.ActiveCfg = Debug|Any CPU
		{D4F6G8HA-I3D5-7E4F-C1GA-I6H8D5F7G9HB}.Debug|Any CPU.Build.0 = Debug|Any CPU
		{D4F6G8HA-I3D5-7E4F-C1GA-I6H8D5F7G9HB}.Release|Any CPU.ActiveCfg = Release|Any CPU
		{D4F6G8HA-I3D5-7E4F-C1GA-I6H8D5F7G9HB}.Release|Any CPU.Build.0 = Release|Any CPU
		{E5G7HAib-J4E6-8F5G-D2HB-J7I9E6G8HAIC}.Debug|Any CPU.ActiveCfg = Debug|Any CPU
		{E5G7HAib-J4E6-8F5G-D2HB-J7I9E6G8HAIC}.Debug|Any CPU.Build.0 = Debug|Any CPU
		{E5G7HAib-J4E6-8F5G-D2HB-J7I9E6G8HAIC}.Release|Any CPU.ActiveCfg = Release|Any CPU
		{E5G7HAib-J4E6-8F5G-D2HB-J7I9E6G8HAIC}.Release|Any CPU.Build.0 = Release|Any CPU
	EndGlobalSection
EndGlobal
